
Microsoft Visual Studio Solution File, Format Version 12.00
# Visual Studio Version 17
VisualStudioVersion = 17.2.32519.379
MinimumVisualStudioVersion = 10.0.40219.1
Project("{FAE04EC0-301F-11D3-BF4B-00C04F79EFBC}") = "Dropdown Menu App", "Dropdown Menu App\Dropdown Menu App.csproj", "{676915E7-0835-46F9-9721-CF8D932365B8}"
EndProject
Global
	GlobalSection(SolutionConfigurationPlatforms) = preSolution
		Debug|Any CPU = Debug|Any CPU
		Release|Any CPU = Release|Any CPU
	EndGlobalSection
	GlobalSection(ProjectConfigurationPlatforms) = postSolution
		{676915E7-0835-46F9-9721-CF8D932365B8}.Debug|Any CPU.ActiveCfg = Debug|Any CPU
		{676915E7-0835-46F9-9721-CF8D932365B8}.Debug|Any CPU.Build.0 = Debug|Any CPU
		{676915E7-0835-46F9-9721-CF8D932365B8}.Release|Any CPU.ActiveCfg = Release|Any CPU
		{676915E7-0835-46F9-9721-CF8D932365B8}.Release|Any CPU.Build.0 = Release|Any CPU
	EndGlobalSection
	GlobalSection(SolutionProperties) = preSolution
		HideSolutionNode = FALSE
	EndGlobalSection
	GlobalSection(ExtensibilityGlobals) = postSolution
		SolutionGuid = {C53E51CF-5D54-4B54-A11A-AE39C7914E19}
	EndGlobalSection
EndGlobal
