
Microsoft Visual Studio Solution File, Format Version 12.00
# Visual Studio Version 16
VisualStudioVersion = 16.0.31229.75
MinimumVisualStudioVersion = 10.0.40219.1
Project("{FAE04EC0-301F-11D3-BF4B-00C04F79EFBC}") = "Hamburger Menu", "Hamburger Menu\Hamburger Menu.csproj", "{0841C94B-C762-4A08-90B0-61064FC22D0C}"
EndProject
Global
	GlobalSection(SolutionConfigurationPlatforms) = preSolution
		Debug|Any CPU = Debug|Any CPU
		Release|Any CPU = Release|Any CPU
	EndGlobalSection
	GlobalSection(ProjectConfigurationPlatforms) = postSolution
		{0841C94B-C762-4A08-90B0-61064FC22D0C}.Debug|Any CPU.ActiveCfg = Debug|Any CPU
		{0841C94B-C762-4A08-90B0-61064FC22D0C}.Debug|Any CPU.Build.0 = Debug|Any CPU
		{0841C94B-C762-4A08-90B0-61064FC22D0C}.Release|Any CPU.ActiveCfg = Release|Any CPU
		{0841C94B-C762-4A08-90B0-61064FC22D0C}.Release|Any CPU.Build.0 = Release|Any CPU
	EndGlobalSection
	GlobalSection(SolutionProperties) = preSolution
		HideSolutionNode = FALSE
	EndGlobalSection
	GlobalSection(ExtensibilityGlobals) = postSolution
		SolutionGuid = {BA012E4C-AA9D-4B40-A5E4-C94AA3CB12FC}
	EndGlobalSection
EndGlobal
