
Microsoft Visual Studio Solution File, Format Version 12.00
# Visual Studio Version 17
VisualStudioVersion = 17.0.32112.339
MinimumVisualStudioVersion = 10.0.40219.1
Project("{FAE04EC0-301F-11D3-BF4B-00C04F79EFBC}") = "RippleApp", "RippleApp\RippleApp.csproj", "{B0B8C212-1DED-4556-AACD-9BC600F2E224}"
EndProject
Global
	GlobalSection(SolutionConfigurationPlatforms) = preSolution
		Debug|Any CPU = Debug|Any CPU
		Release|Any CPU = Release|Any CPU
	EndGlobalSection
	GlobalSection(ProjectConfigurationPlatforms) = postSolution
		{B0B8C212-1DED-4556-AACD-9BC600F2E224}.Debug|Any CPU.ActiveCfg = Debug|Any CPU
		{B0B8C212-1DED-4556-AACD-9BC600F2E224}.Debug|Any CPU.Build.0 = Debug|Any CPU
		{B0B8C212-1DED-4556-AACD-9BC600F2E224}.Release|Any CPU.ActiveCfg = Release|Any CPU
		{B0B8C212-1DED-4556-AACD-9BC600F2E224}.Release|Any CPU.Build.0 = Release|Any CPU
	EndGlobalSection
	GlobalSection(SolutionProperties) = preSolution
		HideSolutionNode = FALSE
	EndGlobalSection
	GlobalSection(ExtensibilityGlobals) = postSolution
		SolutionGuid = {27BC9D86-23C0-40C2-AA73-B185B218683F}
	EndGlobalSection
EndGlobal
