
Microsoft Visual Studio Solution File, Format Version 12.00
# Visual Studio Version 16
VisualStudioVersion = 16.0.31229.75
MinimumVisualStudioVersion = 10.0.40219.1
Project("{FAE04EC0-301F-11D3-BF4B-00C04F79EFBC}") = "Circular ProgressBar", "Circular ProgressBar\Circular ProgressBar.csproj", "{DC0BA65A-7A3F-4D1E-B6F6-79844B6AEB84}"
EndProject
Global
	GlobalSection(SolutionConfigurationPlatforms) = preSolution
		Debug|Any CPU = Debug|Any CPU
		Release|Any CPU = Release|Any CPU
	EndGlobalSection
	GlobalSection(ProjectConfigurationPlatforms) = postSolution
		{DC0BA65A-7A3F-4D1E-B6F6-79844B6AEB84}.Debug|Any CPU.ActiveCfg = Debug|Any CPU
		{DC0BA65A-7A3F-4D1E-B6F6-79844B6AEB84}.Debug|Any CPU.Build.0 = Debug|Any CPU
		{DC0BA65A-7A3F-4D1E-B6F6-79844B6AEB84}.Release|Any CPU.ActiveCfg = Release|Any CPU
		{DC0BA65A-7A3F-4D1E-B6F6-79844B6AEB84}.Release|Any CPU.Build.0 = Release|Any CPU
	EndGlobalSection
	GlobalSection(SolutionProperties) = preSolution
		HideSolutionNode = FALSE
	EndGlobalSection
	GlobalSection(ExtensibilityGlobals) = postSolution
		SolutionGuid = {9AB02FB6-4193-44AB-A011-F933337BB815}
	EndGlobalSection
EndGlobal
